
Microsoft Visual Studio Solution File, Format Version 12.00
# Visual Studio Version 16
VisualStudioVersion = 16.6.30114.105
MinimumVisualStudioVersion = 10.0.40219.1
Project("{2150E333-8FDC-42A3-9474-1A3956D46DE8}") = "src", "src", "{058F0E15-F330-4050-913A-0971C3F11601}"
EndProject
Project("{2150E333-8FDC-42A3-9474-1A3956D46DE8}") = "Checkout", "Checkout", "{4F81EFBA-42C2-4E79-A8A5-2D6708A9AE9F}"
EndProject
Project("{9A19103F-16F7-4668-BE54-9A1E7A4F7556}") = "Checkout.Api", "src\Checkout\Checkout.Api\Checkout.Api.csproj", "{03C30524-7E01-4C60-81D9-EEACBC6A2558}"
EndProject
Project("{9A19103F-16F7-4668-BE54-9A1E7A4F7556}") = "Checkout.Application", "src\Checkout\Checkout.Application\Checkout.Application.csproj", "{31270A00-246E-4498-B3C0-A1E5DD680088}"
EndProject
Project("{9A19103F-16F7-4668-BE54-9A1E7A4F7556}") = "Checkout.Orchestrator", "src\Checkout\Checkout.Orchestrator\Checkout.Orchestrator.csproj", "{F46D207C-09C6-4A7F-9543-62CB52E1B7C5}"
EndProject
Project("{2150E333-8FDC-42A3-9474-1A3956D46DE8}") = "Shared", "Shared", "{C64BAFAF-62C7-4E36-89CF-0148E618E6B8}"
EndProject
Project("{9A19103F-16F7-4668-BE54-9A1E7A4F7556}") = "Shared.Core", "src\Shared\Shared.Core\Shared.Core.csproj", "{871BD336-596D-4F60-A88F-EB81C7370405}"
EndProject
Project("{9A19103F-16F7-4668-BE54-9A1E7A4F7556}") = "Shared.Messages", "src\Shared\Shared.Messages\Shared.Messages.csproj", "{12636E3D-6864-4244-A5AE-C85E06374A02}"
EndProject
Project("{2150E333-8FDC-42A3-9474-1A3956D46DE8}") = "Payment", "Payment", "{8836B846-FB2E-46F7-B658-7DFEEA78F0D4}"
EndProject
Project("{9A19103F-16F7-4668-BE54-9A1E7A4F7556}") = "Payment.Orchestrator", "src\Payment\Payment.Orchestrator\Payment.Orchestrator.csproj", "{E4D9B238-7D49-435A-9EFA-B2D911F00CD6}"
EndProject
Project("{2150E333-8FDC-42A3-9474-1A3956D46DE8}") = "Vendor", "Vendor", "{1D63893A-56A4-419B-8384-E84CB01ADC39}"
EndProject
Project("{9A19103F-16F7-4668-BE54-9A1E7A4F7556}") = "Vendor.Orchestrator", "src\Vendor\Vendor.Orchestrator\Vendor.Orchestrator.csproj", "{50647726-4ACC-4655-BD5D-E09CCBA83C94}"
EndProject
Global
	GlobalSection(SolutionConfigurationPlatforms) = preSolution
		Debug|Any CPU = Debug|Any CPU
		Debug|x64 = Debug|x64
		Debug|x86 = Debug|x86
		Release|Any CPU = Release|Any CPU
		Release|x64 = Release|x64
		Release|x86 = Release|x86
	EndGlobalSection
	GlobalSection(ProjectConfigurationPlatforms) = postSolution
		{03C30524-7E01-4C60-81D9-EEACBC6A2558}.Debug|Any CPU.ActiveCfg = Debug|Any CPU
		{03C30524-7E01-4C60-81D9-EEACBC6A2558}.Debug|Any CPU.Build.0 = Debug|Any CPU
		{03C30524-7E01-4C60-81D9-EEACBC6A2558}.Debug|x64.ActiveCfg = Debug|Any CPU
		{03C30524-7E01-4C60-81D9-EEACBC6A2558}.Debug|x64.Build.0 = Debug|Any CPU
		{03C30524-7E01-4C60-81D9-EEACBC6A2558}.Debug|x86.ActiveCfg = Debug|Any CPU
		{03C30524-7E01-4C60-81D9-EEACBC6A2558}.Debug|x86.Build.0 = Debug|Any CPU
		{03C30524-7E01-4C60-81D9-EEACBC6A2558}.Release|Any CPU.ActiveCfg = Release|Any CPU
		{03C30524-7E01-4C60-81D9-EEACBC6A2558}.Release|Any CPU.Build.0 = Release|Any CPU
		{03C30524-7E01-4C60-81D9-EEACBC6A2558}.Release|x64.ActiveCfg = Release|Any CPU
		{03C30524-7E01-4C60-81D9-EEACBC6A2558}.Release|x64.Build.0 = Release|Any CPU
		{03C30524-7E01-4C60-81D9-EEACBC6A2558}.Release|x86.ActiveCfg = Release|Any CPU
		{03C30524-7E01-4C60-81D9-EEACBC6A2558}.Release|x86.Build.0 = Release|Any CPU
		{31270A00-246E-4498-B3C0-A1E5DD680088}.Debug|Any CPU.ActiveCfg = Debug|Any CPU
		{31270A00-246E-4498-B3C0-A1E5DD680088}.Debug|Any CPU.Build.0 = Debug|Any CPU
		{31270A00-246E-4498-B3C0-A1E5DD680088}.Debug|x64.ActiveCfg = Debug|Any CPU
		{31270A00-246E-4498-B3C0-A1E5DD680088}.Debug|x64.Build.0 = Debug|Any CPU
		{31270A00-246E-4498-B3C0-A1E5DD680088}.Debug|x86.ActiveCfg = Debug|Any CPU
		{31270A00-246E-4498-B3C0-A1E5DD680088}.Debug|x86.Build.0 = Debug|Any CPU
		{31270A00-246E-4498-B3C0-A1E5DD680088}.Release|Any CPU.ActiveCfg = Release|Any CPU
		{31270A00-246E-4498-B3C0-A1E5DD680088}.Release|Any CPU.Build.0 = Release|Any CPU
		{31270A00-246E-4498-B3C0-A1E5DD680088}.Release|x64.ActiveCfg = Release|Any CPU
		{31270A00-246E-4498-B3C0-A1E5DD680088}.Release|x64.Build.0 = Release|Any CPU
		{31270A00-246E-4498-B3C0-A1E5DD680088}.Release|x86.ActiveCfg = Release|Any CPU
		{31270A00-246E-4498-B3C0-A1E5DD680088}.Release|x86.Build.0 = Release|Any CPU
		{F46D207C-09C6-4A7F-9543-62CB52E1B7C5}.Debug|Any CPU.ActiveCfg = Debug|Any CPU
		{F46D207C-09C6-4A7F-9543-62CB52E1B7C5}.Debug|Any CPU.Build.0 = Debug|Any CPU
		{F46D207C-09C6-4A7F-9543-62CB52E1B7C5}.Debug|x64.ActiveCfg = Debug|Any CPU
		{F46D207C-09C6-4A7F-9543-62CB52E1B7C5}.Debug|x64.Build.0 = Debug|Any CPU
		{F46D207C-09C6-4A7F-9543-62CB52E1B7C5}.Debug|x86.ActiveCfg = Debug|Any CPU
		{F46D207C-09C6-4A7F-9543-62CB52E1B7C5}.Debug|x86.Build.0 = Debug|Any CPU
		{F46D207C-09C6-4A7F-9543-62CB52E1B7C5}.Release|Any CPU.ActiveCfg = Release|Any CPU
		{F46D207C-09C6-4A7F-9543-62CB52E1B7C5}.Release|Any CPU.Build.0 = Release|Any CPU
		{F46D207C-09C6-4A7F-9543-62CB52E1B7C5}.Release|x64.ActiveCfg = Release|Any CPU
		{F46D207C-09C6-4A7F-9543-62CB52E1B7C5}.Release|x64.Build.0 = Release|Any CPU
		{F46D207C-09C6-4A7F-9543-62CB52E1B7C5}.Release|x86.ActiveCfg = Release|Any CPU
		{F46D207C-09C6-4A7F-9543-62CB52E1B7C5}.Release|x86.Build.0 = Release|Any CPU
		{871BD336-596D-4F60-A88F-EB81C7370405}.Debug|Any CPU.ActiveCfg = Debug|Any CPU
		{871BD336-596D-4F60-A88F-EB81C7370405}.Debug|Any CPU.Build.0 = Debug|Any CPU
		{871BD336-596D-4F60-A88F-EB81C7370405}.Debug|x64.ActiveCfg = Debug|Any CPU
		{871BD336-596D-4F60-A88F-EB81C7370405}.Debug|x64.Build.0 = Debug|Any CPU
		{871BD336-596D-4F60-A88F-EB81C7370405}.Debug|x86.ActiveCfg = Debug|Any CPU
		{871BD336-596D-4F60-A88F-EB81C7370405}.Debug|x86.Build.0 = Debug|Any CPU
		{871BD336-596D-4F60-A88F-EB81C7370405}.Release|Any CPU.ActiveCfg = Release|Any CPU
		{871BD336-596D-4F60-A88F-EB81C7370405}.Release|Any CPU.Build.0 = Release|Any CPU
		{871BD336-596D-4F60-A88F-EB81C7370405}.Release|x64.ActiveCfg = Release|Any CPU
		{871BD336-596D-4F60-A88F-EB81C7370405}.Release|x64.Build.0 = Release|Any CPU
		{871BD336-596D-4F60-A88F-EB81C7370405}.Release|x86.ActiveCfg = Release|Any CPU
		{871BD336-596D-4F60-A88F-EB81C7370405}.Release|x86.Build.0 = Release|Any CPU
		{12636E3D-6864-4244-A5AE-C85E06374A02}.Debug|Any CPU.ActiveCfg = Debug|Any CPU
		{12636E3D-6864-4244-A5AE-C85E06374A02}.Debug|Any CPU.Build.0 = Debug|Any CPU
		{12636E3D-6864-4244-A5AE-C85E06374A02}.Debug|x64.ActiveCfg = Debug|Any CPU
		{12636E3D-6864-4244-A5AE-C85E06374A02}.Debug|x64.Build.0 = Debug|Any CPU
		{12636E3D-6864-4244-A5AE-C85E06374A02}.Debug|x86.ActiveCfg = Debug|Any CPU
		{12636E3D-6864-4244-A5AE-C85E06374A02}.Debug|x86.Build.0 = Debug|Any CPU
		{12636E3D-6864-4244-A5AE-C85E06374A02}.Release|Any CPU.ActiveCfg = Release|Any CPU
		{12636E3D-6864-4244-A5AE-C85E06374A02}.Release|Any CPU.Build.0 = Release|Any CPU
		{12636E3D-6864-4244-A5AE-C85E06374A02}.Release|x64.ActiveCfg = Release|Any CPU
		{12636E3D-6864-4244-A5AE-C85E06374A02}.Release|x64.Build.0 = Release|Any CPU
		{12636E3D-6864-4244-A5AE-C85E06374A02}.Release|x86.ActiveCfg = Release|Any CPU
		{12636E3D-6864-4244-A5AE-C85E06374A02}.Release|x86.Build.0 = Release|Any CPU
		{E4D9B238-7D49-435A-9EFA-B2D911F00CD6}.Debug|Any CPU.ActiveCfg = Debug|Any CPU
		{E4D9B238-7D49-435A-9EFA-B2D911F00CD6}.Debug|Any CPU.Build.0 = Debug|Any CPU
		{E4D9B238-7D49-435A-9EFA-B2D911F00CD6}.Debug|x64.ActiveCfg = Debug|Any CPU
		{E4D9B238-7D49-435A-9EFA-B2D911F00CD6}.Debug|x64.Build.0 = Debug|Any CPU
		{E4D9B238-7D49-435A-9EFA-B2D911F00CD6}.Debug|x86.ActiveCfg = Debug|Any CPU
		{E4D9B238-7D49-435A-9EFA-B2D911F00CD6}.Debug|x86.Build.0 = Debug|Any CPU
		{E4D9B238-7D49-435A-9EFA-B2D911F00CD6}.Release|Any CPU.ActiveCfg = Release|Any CPU
		{E4D9B238-7D49-435A-9EFA-B2D911F00CD6}.Release|Any CPU.Build.0 = Release|Any CPU
		{E4D9B238-7D49-435A-9EFA-B2D911F00CD6}.Release|x64.ActiveCfg = Release|Any CPU
		{E4D9B238-7D49-435A-9EFA-B2D911F00CD6}.Release|x64.Build.0 = Release|Any CPU
		{E4D9B238-7D49-435A-9EFA-B2D911F00CD6}.Release|x86.ActiveCfg = Release|Any CPU
		{E4D9B238-7D49-435A-9EFA-B2D911F00CD6}.Release|x86.Build.0 = Release|Any CPU
		{50647726-4ACC-4655-BD5D-E09CCBA83C94}.Debug|Any CPU.ActiveCfg = Debug|Any CPU
		{50647726-4ACC-4655-BD5D-E09CCBA83C94}.Debug|Any CPU.Build.0 = Debug|Any CPU
		{50647726-4ACC-4655-BD5D-E09CCBA83C94}.Debug|x64.ActiveCfg = Debug|Any CPU
		{50647726-4ACC-4655-BD5D-E09CCBA83C94}.Debug|x64.Build.0 = Debug|Any CPU
		{50647726-4ACC-4655-BD5D-E09CCBA83C94}.Debug|x86.ActiveCfg = Debug|Any CPU
		{50647726-4ACC-4655-BD5D-E09CCBA83C94}.Debug|x86.Build.0 = Debug|Any CPU
		{50647726-4ACC-4655-BD5D-E09CCBA83C94}.Release|Any CPU.ActiveCfg = Release|Any CPU
		{50647726-4ACC-4655-BD5D-E09CCBA83C94}.Release|Any CPU.Build.0 = Release|Any CPU
		{50647726-4ACC-4655-BD5D-E09CCBA83C94}.Release|x64.ActiveCfg = Release|Any CPU
		{50647726-4ACC-4655-BD5D-E09CCBA83C94}.Release|x64.Build.0 = Release|Any CPU
		{50647726-4ACC-4655-BD5D-E09CCBA83C94}.Release|x86.ActiveCfg = Release|Any CPU
		{50647726-4ACC-4655-BD5D-E09CCBA83C94}.Release|x86.Build.0 = Release|Any CPU
	EndGlobalSection
	GlobalSection(SolutionProperties) = preSolution
		HideSolutionNode = FALSE
	EndGlobalSection
	GlobalSection(NestedProjects) = preSolution
		{4F81EFBA-42C2-4E79-A8A5-2D6708A9AE9F} = {058F0E15-F330-4050-913A-0971C3F11601}
		{03C30524-7E01-4C60-81D9-EEACBC6A2558} = {4F81EFBA-42C2-4E79-A8A5-2D6708A9AE9F}
		{31270A00-246E-4498-B3C0-A1E5DD680088} = {4F81EFBA-42C2-4E79-A8A5-2D6708A9AE9F}
		{F46D207C-09C6-4A7F-9543-62CB52E1B7C5} = {4F81EFBA-42C2-4E79-A8A5-2D6708A9AE9F}
		{C64BAFAF-62C7-4E36-89CF-0148E618E6B8} = {058F0E15-F330-4050-913A-0971C3F11601}
		{871BD336-596D-4F60-A88F-EB81C7370405} = {C64BAFAF-62C7-4E36-89CF-0148E618E6B8}
		{12636E3D-6864-4244-A5AE-C85E06374A02} = {C64BAFAF-62C7-4E36-89CF-0148E618E6B8}
		{8836B846-FB2E-46F7-B658-7DFEEA78F0D4} = {058F0E15-F330-4050-913A-0971C3F11601}
		{E4D9B238-7D49-435A-9EFA-B2D911F00CD6} = {8836B846-FB2E-46F7-B658-7DFEEA78F0D4}
		{1D63893A-56A4-419B-8384-E84CB01ADC39} = {058F0E15-F330-4050-913A-0971C3F11601}
		{50647726-4ACC-4655-BD5D-E09CCBA83C94} = {1D63893A-56A4-419B-8384-E84CB01ADC39}
	EndGlobalSection
	GlobalSection(ExtensibilityGlobals) = postSolution
		SolutionGuid = {A504E150-62B1-42B9-AE94-FF1CAF079754}
	EndGlobalSection
EndGlobal
