
Microsoft Visual Studio Solution File, Format Version 12.00
# Visual Studio Version 17
VisualStudioVersion = 17.3.32922.545
MinimumVisualStudioVersion = 10.0.40219.1
Project("{2150E333-8FDC-42A3-9474-1A3956D46DE8}") = "src", "src", "{058F0E15-F330-4050-913A-0971C3F11601}"
EndProject
Project("{2150E333-8FDC-42A3-9474-1A3956D46DE8}") = "Checkout", "Checkout", "{4F81EFBA-42C2-4E79-A8A5-2D6708A9AE9F}"
EndProject
Project("{9A19103F-16F7-4668-BE54-9A1E7A4F7556}") = "Checkout.Api", "src\Checkout\Checkout.Api\Checkout.Api.csproj", "{03C30524-7E01-4C60-81D9-EEACBC6A2558}"
EndProject
Project("{9A19103F-16F7-4668-BE54-9A1E7A4F7556}") = "Checkout.Application", "src\Checkout\Checkout.Application\Checkout.Application.csproj", "{31270A00-246E-4498-B3C0-A1E5DD680088}"
EndProject
Project("{9A19103F-16F7-4668-BE54-9A1E7A4F7556}") = "Checkout.Orchestrator", "src\Checkout\Checkout.Orchestrator\Checkout.Orchestrator.csproj", "{F46D207C-09C6-4A7F-9543-62CB52E1B7C5}"
EndProject
Project("{2150E333-8FDC-42A3-9474-1A3956D46DE8}") = "Shared", "Shared", "{C64BAFAF-62C7-4E36-89CF-0148E618E6B8}"
EndProject
Project("{9A19103F-16F7-4668-BE54-9A1E7A4F7556}") = "Shared.Messages", "src\Shared\Shared.Messages\Shared.Messages.csproj", "{12636E3D-6864-4244-A5AE-C85E06374A02}"
EndProject
Project("{2150E333-8FDC-42A3-9474-1A3956D46DE8}") = "Boundaries", "Boundaries", "{09F8FA14-859E-422F-9899-69E4348FFE25}"
EndProject
Project("{2150E333-8FDC-42A3-9474-1A3956D46DE8}") = "Payments", "Payments", "{FD7865CA-8800-4437-BF23-06359FD61C21}"
EndProject
Project("{2150E333-8FDC-42A3-9474-1A3956D46DE8}") = "Vendors", "Vendors", "{A4172DF6-00A2-4BF6-8FAE-9ED783FBF8C6}"
EndProject
Project("{9A19103F-16F7-4668-BE54-9A1E7A4F7556}") = "Payment.Worker", "src\Boundaries\Payments\Payment.Worker\Payment.Worker.csproj", "{EDDF85BF-22EB-4461-92E3-777B25FDEAF4}"
EndProject
Project("{9A19103F-16F7-4668-BE54-9A1E7A4F7556}") = "Vendor.Worker", "src\Boundaries\Vendors\Vendor.Worker\Vendor.Worker.csproj", "{5D8306DD-0657-43E0-8FF4-C8B9B9861425}"
EndProject
Project("{2150E333-8FDC-42A3-9474-1A3956D46DE8}") = "tests", "tests", "{D29AFAE7-3C2D-4BD2-9079-22E017578CB4}"
EndProject
Project("{2150E333-8FDC-42A3-9474-1A3956D46DE8}") = "Solution Items", "Solution Items", "{EE19898C-890A-45BB-9418-F21F39095CA8}"
	ProjectSection(SolutionItems) = preProject
		.dockerignore = .dockerignore
		.gitignore = .gitignore
		docker-compose.yml = docker-compose.yml
		README.md = README.md
	EndProjectSection
EndProject
Project("{9A19103F-16F7-4668-BE54-9A1E7A4F7556}") = "Checkout.Domain", "src\Checkout\Checkout.Domain\Checkout.Domain.csproj", "{5A83B9F1-6446-4302-BCC0-1EEDB2FA920F}"
EndProject
Project("{9A19103F-16F7-4668-BE54-9A1E7A4F7556}") = "Checkout.Infrastructure", "src\Checkout\Checkout.Infrastructure\Checkout.Infrastructure.csproj", "{9B93E092-22C1-48EE-998F-7926D5A28277}"
EndProject
Project("{9A19103F-16F7-4668-BE54-9A1E7A4F7556}") = "Checkout.Unit.Tests", "tests\Checkout.Unit.Tests\Checkout.Unit.Tests.csproj", "{C99DE9AC-C00F-40D3-882F-0B594D2A2D1F}"
EndProject
Project("{9A19103F-16F7-4668-BE54-9A1E7A4F7556}") = "Checkout.BDD.Tests", "tests\Checkout.BDD.Tests\Checkout.BDD.Tests.csproj", "{7942FDF7-2A13-43BB-AFC6-679D2E6BF724}"
EndProject
Global
	GlobalSection(SolutionConfigurationPlatforms) = preSolution
		Debug|Any CPU = Debug|Any CPU
		Debug|x64 = Debug|x64
		Debug|x86 = Debug|x86
		Release|Any CPU = Release|Any CPU
		Release|x64 = Release|x64
		Release|x86 = Release|x86
	EndGlobalSection
	GlobalSection(ProjectConfigurationPlatforms) = postSolution
		{03C30524-7E01-4C60-81D9-EEACBC6A2558}.Debug|Any CPU.ActiveCfg = Debug|Any CPU
		{03C30524-7E01-4C60-81D9-EEACBC6A2558}.Debug|Any CPU.Build.0 = Debug|Any CPU
		{03C30524-7E01-4C60-81D9-EEACBC6A2558}.Debug|x64.ActiveCfg = Debug|Any CPU
		{03C30524-7E01-4C60-81D9-EEACBC6A2558}.Debug|x64.Build.0 = Debug|Any CPU
		{03C30524-7E01-4C60-81D9-EEACBC6A2558}.Debug|x86.ActiveCfg = Debug|Any CPU
		{03C30524-7E01-4C60-81D9-EEACBC6A2558}.Debug|x86.Build.0 = Debug|Any CPU
		{03C30524-7E01-4C60-81D9-EEACBC6A2558}.Release|Any CPU.ActiveCfg = Release|Any CPU
		{03C30524-7E01-4C60-81D9-EEACBC6A2558}.Release|Any CPU.Build.0 = Release|Any CPU
		{03C30524-7E01-4C60-81D9-EEACBC6A2558}.Release|x64.ActiveCfg = Release|Any CPU
		{03C30524-7E01-4C60-81D9-EEACBC6A2558}.Release|x64.Build.0 = Release|Any CPU
		{03C30524-7E01-4C60-81D9-EEACBC6A2558}.Release|x86.ActiveCfg = Release|Any CPU
		{03C30524-7E01-4C60-81D9-EEACBC6A2558}.Release|x86.Build.0 = Release|Any CPU
		{31270A00-246E-4498-B3C0-A1E5DD680088}.Debug|Any CPU.ActiveCfg = Debug|Any CPU
		{31270A00-246E-4498-B3C0-A1E5DD680088}.Debug|Any CPU.Build.0 = Debug|Any CPU
		{31270A00-246E-4498-B3C0-A1E5DD680088}.Debug|x64.ActiveCfg = Debug|Any CPU
		{31270A00-246E-4498-B3C0-A1E5DD680088}.Debug|x64.Build.0 = Debug|Any CPU
		{31270A00-246E-4498-B3C0-A1E5DD680088}.Debug|x86.ActiveCfg = Debug|Any CPU
		{31270A00-246E-4498-B3C0-A1E5DD680088}.Debug|x86.Build.0 = Debug|Any CPU
		{31270A00-246E-4498-B3C0-A1E5DD680088}.Release|Any CPU.ActiveCfg = Release|Any CPU
		{31270A00-246E-4498-B3C0-A1E5DD680088}.Release|Any CPU.Build.0 = Release|Any CPU
		{31270A00-246E-4498-B3C0-A1E5DD680088}.Release|x64.ActiveCfg = Release|Any CPU
		{31270A00-246E-4498-B3C0-A1E5DD680088}.Release|x64.Build.0 = Release|Any CPU
		{31270A00-246E-4498-B3C0-A1E5DD680088}.Release|x86.ActiveCfg = Release|Any CPU
		{31270A00-246E-4498-B3C0-A1E5DD680088}.Release|x86.Build.0 = Release|Any CPU
		{F46D207C-09C6-4A7F-9543-62CB52E1B7C5}.Debug|Any CPU.ActiveCfg = Debug|Any CPU
		{F46D207C-09C6-4A7F-9543-62CB52E1B7C5}.Debug|Any CPU.Build.0 = Debug|Any CPU
		{F46D207C-09C6-4A7F-9543-62CB52E1B7C5}.Debug|x64.ActiveCfg = Debug|Any CPU
		{F46D207C-09C6-4A7F-9543-62CB52E1B7C5}.Debug|x64.Build.0 = Debug|Any CPU
		{F46D207C-09C6-4A7F-9543-62CB52E1B7C5}.Debug|x86.ActiveCfg = Debug|Any CPU
		{F46D207C-09C6-4A7F-9543-62CB52E1B7C5}.Debug|x86.Build.0 = Debug|Any CPU
		{F46D207C-09C6-4A7F-9543-62CB52E1B7C5}.Release|Any CPU.ActiveCfg = Release|Any CPU
		{F46D207C-09C6-4A7F-9543-62CB52E1B7C5}.Release|Any CPU.Build.0 = Release|Any CPU
		{F46D207C-09C6-4A7F-9543-62CB52E1B7C5}.Release|x64.ActiveCfg = Release|Any CPU
		{F46D207C-09C6-4A7F-9543-62CB52E1B7C5}.Release|x64.Build.0 = Release|Any CPU
		{F46D207C-09C6-4A7F-9543-62CB52E1B7C5}.Release|x86.ActiveCfg = Release|Any CPU
		{F46D207C-09C6-4A7F-9543-62CB52E1B7C5}.Release|x86.Build.0 = Release|Any CPU
		{12636E3D-6864-4244-A5AE-C85E06374A02}.Debug|Any CPU.ActiveCfg = Debug|Any CPU
		{12636E3D-6864-4244-A5AE-C85E06374A02}.Debug|Any CPU.Build.0 = Debug|Any CPU
		{12636E3D-6864-4244-A5AE-C85E06374A02}.Debug|x64.ActiveCfg = Debug|Any CPU
		{12636E3D-6864-4244-A5AE-C85E06374A02}.Debug|x64.Build.0 = Debug|Any CPU
		{12636E3D-6864-4244-A5AE-C85E06374A02}.Debug|x86.ActiveCfg = Debug|Any CPU
		{12636E3D-6864-4244-A5AE-C85E06374A02}.Debug|x86.Build.0 = Debug|Any CPU
		{12636E3D-6864-4244-A5AE-C85E06374A02}.Release|Any CPU.ActiveCfg = Release|Any CPU
		{12636E3D-6864-4244-A5AE-C85E06374A02}.Release|Any CPU.Build.0 = Release|Any CPU
		{12636E3D-6864-4244-A5AE-C85E06374A02}.Release|x64.ActiveCfg = Release|Any CPU
		{12636E3D-6864-4244-A5AE-C85E06374A02}.Release|x64.Build.0 = Release|Any CPU
		{12636E3D-6864-4244-A5AE-C85E06374A02}.Release|x86.ActiveCfg = Release|Any CPU
		{12636E3D-6864-4244-A5AE-C85E06374A02}.Release|x86.Build.0 = Release|Any CPU
		{EDDF85BF-22EB-4461-92E3-777B25FDEAF4}.Debug|Any CPU.ActiveCfg = Debug|Any CPU
		{EDDF85BF-22EB-4461-92E3-777B25FDEAF4}.Debug|Any CPU.Build.0 = Debug|Any CPU
		{EDDF85BF-22EB-4461-92E3-777B25FDEAF4}.Debug|x64.ActiveCfg = Debug|Any CPU
		{EDDF85BF-22EB-4461-92E3-777B25FDEAF4}.Debug|x64.Build.0 = Debug|Any CPU
		{EDDF85BF-22EB-4461-92E3-777B25FDEAF4}.Debug|x86.ActiveCfg = Debug|Any CPU
		{EDDF85BF-22EB-4461-92E3-777B25FDEAF4}.Debug|x86.Build.0 = Debug|Any CPU
		{EDDF85BF-22EB-4461-92E3-777B25FDEAF4}.Release|Any CPU.ActiveCfg = Release|Any CPU
		{EDDF85BF-22EB-4461-92E3-777B25FDEAF4}.Release|Any CPU.Build.0 = Release|Any CPU
		{EDDF85BF-22EB-4461-92E3-777B25FDEAF4}.Release|x64.ActiveCfg = Release|Any CPU
		{EDDF85BF-22EB-4461-92E3-777B25FDEAF4}.Release|x64.Build.0 = Release|Any CPU
		{EDDF85BF-22EB-4461-92E3-777B25FDEAF4}.Release|x86.ActiveCfg = Release|Any CPU
		{EDDF85BF-22EB-4461-92E3-777B25FDEAF4}.Release|x86.Build.0 = Release|Any CPU
		{5D8306DD-0657-43E0-8FF4-C8B9B9861425}.Debug|Any CPU.ActiveCfg = Debug|Any CPU
		{5D8306DD-0657-43E0-8FF4-C8B9B9861425}.Debug|Any CPU.Build.0 = Debug|Any CPU
		{5D8306DD-0657-43E0-8FF4-C8B9B9861425}.Debug|x64.ActiveCfg = Debug|Any CPU
		{5D8306DD-0657-43E0-8FF4-C8B9B9861425}.Debug|x64.Build.0 = Debug|Any CPU
		{5D8306DD-0657-43E0-8FF4-C8B9B9861425}.Debug|x86.ActiveCfg = Debug|Any CPU
		{5D8306DD-0657-43E0-8FF4-C8B9B9861425}.Debug|x86.Build.0 = Debug|Any CPU
		{5D8306DD-0657-43E0-8FF4-C8B9B9861425}.Release|Any CPU.ActiveCfg = Release|Any CPU
		{5D8306DD-0657-43E0-8FF4-C8B9B9861425}.Release|Any CPU.Build.0 = Release|Any CPU
		{5D8306DD-0657-43E0-8FF4-C8B9B9861425}.Release|x64.ActiveCfg = Release|Any CPU
		{5D8306DD-0657-43E0-8FF4-C8B9B9861425}.Release|x64.Build.0 = Release|Any CPU
		{5D8306DD-0657-43E0-8FF4-C8B9B9861425}.Release|x86.ActiveCfg = Release|Any CPU
		{5D8306DD-0657-43E0-8FF4-C8B9B9861425}.Release|x86.Build.0 = Release|Any CPU
		{5A83B9F1-6446-4302-BCC0-1EEDB2FA920F}.Debug|Any CPU.ActiveCfg = Debug|Any CPU
		{5A83B9F1-6446-4302-BCC0-1EEDB2FA920F}.Debug|Any CPU.Build.0 = Debug|Any CPU
		{5A83B9F1-6446-4302-BCC0-1EEDB2FA920F}.Debug|x64.ActiveCfg = Debug|Any CPU
		{5A83B9F1-6446-4302-BCC0-1EEDB2FA920F}.Debug|x64.Build.0 = Debug|Any CPU
		{5A83B9F1-6446-4302-BCC0-1EEDB2FA920F}.Debug|x86.ActiveCfg = Debug|Any CPU
		{5A83B9F1-6446-4302-BCC0-1EEDB2FA920F}.Debug|x86.Build.0 = Debug|Any CPU
		{5A83B9F1-6446-4302-BCC0-1EEDB2FA920F}.Release|Any CPU.ActiveCfg = Release|Any CPU
		{5A83B9F1-6446-4302-BCC0-1EEDB2FA920F}.Release|Any CPU.Build.0 = Release|Any CPU
		{5A83B9F1-6446-4302-BCC0-1EEDB2FA920F}.Release|x64.ActiveCfg = Release|Any CPU
		{5A83B9F1-6446-4302-BCC0-1EEDB2FA920F}.Release|x64.Build.0 = Release|Any CPU
		{5A83B9F1-6446-4302-BCC0-1EEDB2FA920F}.Release|x86.ActiveCfg = Release|Any CPU
		{5A83B9F1-6446-4302-BCC0-1EEDB2FA920F}.Release|x86.Build.0 = Release|Any CPU
		{9B93E092-22C1-48EE-998F-7926D5A28277}.Debug|Any CPU.ActiveCfg = Debug|Any CPU
		{9B93E092-22C1-48EE-998F-7926D5A28277}.Debug|Any CPU.Build.0 = Debug|Any CPU
		{9B93E092-22C1-48EE-998F-7926D5A28277}.Debug|x64.ActiveCfg = Debug|Any CPU
		{9B93E092-22C1-48EE-998F-7926D5A28277}.Debug|x64.Build.0 = Debug|Any CPU
		{9B93E092-22C1-48EE-998F-7926D5A28277}.Debug|x86.ActiveCfg = Debug|Any CPU
		{9B93E092-22C1-48EE-998F-7926D5A28277}.Debug|x86.Build.0 = Debug|Any CPU
		{9B93E092-22C1-48EE-998F-7926D5A28277}.Release|Any CPU.ActiveCfg = Release|Any CPU
		{9B93E092-22C1-48EE-998F-7926D5A28277}.Release|Any CPU.Build.0 = Release|Any CPU
		{9B93E092-22C1-48EE-998F-7926D5A28277}.Release|x64.ActiveCfg = Release|Any CPU
		{9B93E092-22C1-48EE-998F-7926D5A28277}.Release|x64.Build.0 = Release|Any CPU
		{9B93E092-22C1-48EE-998F-7926D5A28277}.Release|x86.ActiveCfg = Release|Any CPU
		{9B93E092-22C1-48EE-998F-7926D5A28277}.Release|x86.Build.0 = Release|Any CPU
		{C99DE9AC-C00F-40D3-882F-0B594D2A2D1F}.Debug|Any CPU.ActiveCfg = Debug|Any CPU
		{C99DE9AC-C00F-40D3-882F-0B594D2A2D1F}.Debug|Any CPU.Build.0 = Debug|Any CPU
		{C99DE9AC-C00F-40D3-882F-0B594D2A2D1F}.Debug|x64.ActiveCfg = Debug|Any CPU
		{C99DE9AC-C00F-40D3-882F-0B594D2A2D1F}.Debug|x64.Build.0 = Debug|Any CPU
		{C99DE9AC-C00F-40D3-882F-0B594D2A2D1F}.Debug|x86.ActiveCfg = Debug|Any CPU
		{C99DE9AC-C00F-40D3-882F-0B594D2A2D1F}.Debug|x86.Build.0 = Debug|Any CPU
		{C99DE9AC-C00F-40D3-882F-0B594D2A2D1F}.Release|Any CPU.ActiveCfg = Release|Any CPU
		{C99DE9AC-C00F-40D3-882F-0B594D2A2D1F}.Release|Any CPU.Build.0 = Release|Any CPU
		{C99DE9AC-C00F-40D3-882F-0B594D2A2D1F}.Release|x64.ActiveCfg = Release|Any CPU
		{C99DE9AC-C00F-40D3-882F-0B594D2A2D1F}.Release|x64.Build.0 = Release|Any CPU
		{C99DE9AC-C00F-40D3-882F-0B594D2A2D1F}.Release|x86.ActiveCfg = Release|Any CPU
		{C99DE9AC-C00F-40D3-882F-0B594D2A2D1F}.Release|x86.Build.0 = Release|Any CPU
		{7942FDF7-2A13-43BB-AFC6-679D2E6BF724}.Debug|Any CPU.ActiveCfg = Debug|Any CPU
		{7942FDF7-2A13-43BB-AFC6-679D2E6BF724}.Debug|Any CPU.Build.0 = Debug|Any CPU
		{7942FDF7-2A13-43BB-AFC6-679D2E6BF724}.Debug|x64.ActiveCfg = Debug|Any CPU
		{7942FDF7-2A13-43BB-AFC6-679D2E6BF724}.Debug|x64.Build.0 = Debug|Any CPU
		{7942FDF7-2A13-43BB-AFC6-679D2E6BF724}.Debug|x86.ActiveCfg = Debug|Any CPU
		{7942FDF7-2A13-43BB-AFC6-679D2E6BF724}.Debug|x86.Build.0 = Debug|Any CPU
		{7942FDF7-2A13-43BB-AFC6-679D2E6BF724}.Release|Any CPU.ActiveCfg = Release|Any CPU
		{7942FDF7-2A13-43BB-AFC6-679D2E6BF724}.Release|Any CPU.Build.0 = Release|Any CPU
		{7942FDF7-2A13-43BB-AFC6-679D2E6BF724}.Release|x64.ActiveCfg = Release|Any CPU
		{7942FDF7-2A13-43BB-AFC6-679D2E6BF724}.Release|x64.Build.0 = Release|Any CPU
		{7942FDF7-2A13-43BB-AFC6-679D2E6BF724}.Release|x86.ActiveCfg = Release|Any CPU
		{7942FDF7-2A13-43BB-AFC6-679D2E6BF724}.Release|x86.Build.0 = Release|Any CPU
	EndGlobalSection
	GlobalSection(SolutionProperties) = preSolution
		HideSolutionNode = FALSE
	EndGlobalSection
	GlobalSection(NestedProjects) = preSolution
		{4F81EFBA-42C2-4E79-A8A5-2D6708A9AE9F} = {058F0E15-F330-4050-913A-0971C3F11601}
		{03C30524-7E01-4C60-81D9-EEACBC6A2558} = {4F81EFBA-42C2-4E79-A8A5-2D6708A9AE9F}
		{31270A00-246E-4498-B3C0-A1E5DD680088} = {4F81EFBA-42C2-4E79-A8A5-2D6708A9AE9F}
		{F46D207C-09C6-4A7F-9543-62CB52E1B7C5} = {4F81EFBA-42C2-4E79-A8A5-2D6708A9AE9F}
		{C64BAFAF-62C7-4E36-89CF-0148E618E6B8} = {058F0E15-F330-4050-913A-0971C3F11601}
		{12636E3D-6864-4244-A5AE-C85E06374A02} = {C64BAFAF-62C7-4E36-89CF-0148E618E6B8}
		{09F8FA14-859E-422F-9899-69E4348FFE25} = {058F0E15-F330-4050-913A-0971C3F11601}
		{FD7865CA-8800-4437-BF23-06359FD61C21} = {09F8FA14-859E-422F-9899-69E4348FFE25}
		{A4172DF6-00A2-4BF6-8FAE-9ED783FBF8C6} = {09F8FA14-859E-422F-9899-69E4348FFE25}
		{EDDF85BF-22EB-4461-92E3-777B25FDEAF4} = {FD7865CA-8800-4437-BF23-06359FD61C21}
		{5D8306DD-0657-43E0-8FF4-C8B9B9861425} = {A4172DF6-00A2-4BF6-8FAE-9ED783FBF8C6}
		{5A83B9F1-6446-4302-BCC0-1EEDB2FA920F} = {4F81EFBA-42C2-4E79-A8A5-2D6708A9AE9F}
		{9B93E092-22C1-48EE-998F-7926D5A28277} = {4F81EFBA-42C2-4E79-A8A5-2D6708A9AE9F}
		{C99DE9AC-C00F-40D3-882F-0B594D2A2D1F} = {D29AFAE7-3C2D-4BD2-9079-22E017578CB4}
		{7942FDF7-2A13-43BB-AFC6-679D2E6BF724} = {D29AFAE7-3C2D-4BD2-9079-22E017578CB4}
	EndGlobalSection
	GlobalSection(ExtensibilityGlobals) = postSolution
		SolutionGuid = {A504E150-62B1-42B9-AE94-FF1CAF079754}
	EndGlobalSection
EndGlobal
